{
  "name": "vulnerable-app",
  "lockfileVersion": 3,
  "requires": true,
  "packages": {
    "": { "name": "vulnerable-app", "dependencies": { "lodash": "4.17.15" }, "devDependencies": { "electron": "22.0.0" } },
    "node_modules/electron": { "version": "22.0.0", "dev": true },
    "node_modules/lodash": { "version": "4.17.15" }
  }
}
